{
  "version": 4,
  "terraform_version": "0.13.5",
  "serial": 181,
  "lineage": "e5a91823-6780-3ae6-9efd-5b09587baaaa",
  "outputs": {},
  "resources": [
    {
      "mode": "data",
      "type": "archive_file",
      "name": "bookmark_sync_package",
      "provider": "provider[\"registry.terraform.io/hashicorp/archive\"]",
      "instances": [
        {
          "schema_version": 0,
          "attributes": {
            "excludes": null,
            "id": "9466d378b1c9a1700ae521c03a08d25fe6ddf12e",
            "output_base64sha256": "7S5cE6k6osRM+azQBP0RlGPj4mX2oOC96qJlFkcvQCc=",
            "output_md5": "c699ff88114aad2c37d31303ff2fea21",
            "output_path": "./../dist/bookmarks-sync-package.zip",
            "output_sha": "9466d378b1c9a1700ae521c03a08d25fe6ddf12e",
            "output_size": 25820,
            "source": [],
            "source_content": null,
            "source_content_filename": null,
            "source_dir": "./../bookmarks-sync/src/bookmarks_sync/",
            "source_file": null,
            "type": "zip"
          }
        }
      ]
    },
    {
      "mode": "managed",
      "type": "google_app_engine_application",
      "name": "bookmarks_sync_app",
      "provider": "provider[\"registry.terraform.io/hashicorp/google\"]",
      "instances": [
        {
          "schema_version": 0,
          "attributes": {
            "app_id": "bullfrog-reader",
            "auth_domain": "gmail.com",
            "code_bucket": "staging.bullfrog-reader.appspot.com",
            "database_type": "CLOUD_FIRESTORE",
            "default_bucket": "bullfrog-reader.appspot.com",
            "default_hostname": "bullfrog-reader.uc.r.appspot.com",
            "feature_settings": [
              {
                "split_health_checks": true
              }
            ],
            "gcr_domain": "us.gcr.io",
            "iap": [],
            "id": "bullfrog-reader",
            "location_id": "us-central",
            "name": "apps/bullfrog-reader",
            "project": "bullfrog-reader",
            "serving_status": "SERVING",
            "timeouts": {
              "create": null,
              "update": null
            },
            "url_dispatch_rule": []
          },
          "private": "eyJlMmJmYjczMC1lY2FhLTExZTYtOGY4OC0zNDM2M2JjN2M0YzAiOnsiY3JlYXRlIjoyNDAwMDAwMDAwMDAsInVwZGF0ZSI6MjQwMDAwMDAwMDAwfSwic2NoZW1hX3ZlcnNpb24iOiIwIn0=",
          "dependencies": [
            "google_project_service.gcp_services_cloudbuild"
          ]
        }
      ]
    },
    {
      "mode": "managed",
      "type": "google_cloud_scheduler_job",
      "name": "bookmarks_sync_scheduler_job",
      "provider": "provider[\"registry.terraform.io/hashicorp/google\"]",
      "instances": [
        {
          "schema_version": 0,
          "attributes": {
            "app_engine_http_target": [],
            "attempt_deadline": "180s",
            "description": "",
            "http_target": [
              {
                "body": "",
                "headers": null,
                "http_method": "POST",
                "oauth_token": [],
                "oidc_token": [
                  {
                    "audience": "https://us-central1-bullfrog-reader.cloudfunctions.net/bookmarks-sync",
                    "service_account_email": "default-service-account@bullfrog-reader.iam.gserviceaccount.com"
                  }
                ],
                "uri": "https://us-central1-bullfrog-reader.cloudfunctions.net/bookmarks-sync"
              }
            ],
            "id": "projects/bullfrog-reader/locations/us-central1/jobs/bookmarks-sync-scheduler",
            "name": "bookmarks-sync-scheduler",
            "project": "bullfrog-reader",
            "pubsub_target": [],
            "region": "us-central1",
            "retry_config": [],
            "schedule": "* * * * *",
            "time_zone": "Etc/UTC",
            "timeouts": null
          },
          "private": "eyJlMmJmYjczMC1lY2FhLTExZTYtOGY4OC0zNDM2M2JjN2M0YzAiOnsiY3JlYXRlIjoyNDAwMDAwMDAwMDAsImRlbGV0ZSI6MjQwMDAwMDAwMDAwfX0=",
          "dependencies": [
            "data.archive_file.bookmark_sync_package",
            "google_cloudfunctions_function.bookmarks_sync_function",
            "google_project_service.gcp_services_cloudfunctions",
            "google_project_service.gcp_services_cloudscheduler",
            "google_service_account.default_service_account",
            "google_storage_bucket.deploy_packages_bucket",
            "google_storage_bucket_object.bookmarks_sync_package_object"
          ]
        }
      ]
    },
    {
      "mode": "managed",
      "type": "google_cloudfunctions_function",
      "name": "bookmarks_sync_function",
      "provider": "provider[\"registry.terraform.io/hashicorp/google\"]",
      "instances": [
        {
          "schema_version": 0,
          "attributes": {
            "available_memory_mb": 1024,
            "description": "Sync bookmarks from external app",
            "entry_point": "main",
            "environment_variables": {
              "ACCESS_TOKEN": "a0af4686-b342-6348-386c-719575",
              "CONSUMER_KEY": "93907-4bc0f7edcc3af162423e8b53"
            },
            "event_trigger": [],
            "https_trigger_url": "https://us-central1-bullfrog-reader.cloudfunctions.net/bookmarks-sync",
            "id": "projects/bullfrog-reader/locations/us-central1/functions/bookmarks-sync",
            "ingress_settings": "ALLOW_ALL",
            "labels": {},
            "max_instances": 0,
            "name": "bookmarks-sync",
            "project": "bullfrog-reader",
            "region": "us-central1",
            "runtime": "python38",
            "service_account_email": "default-service-account@bullfrog-reader.iam.gserviceaccount.com",
            "source_archive_bucket": "deploy_packages",
            "source_archive_object": "bookmarks-sync-package-c699ff88114aad2c37d31303ff2fea21.zip",
            "source_repository": [],
            "timeout": 60,
            "timeouts": null,
            "trigger_http": true,
            "vpc_connector": "",
            "vpc_connector_egress_settings": ""
          },
          "private": "eyJlMmJmYjczMC1lY2FhLTExZTYtOGY4OC0zNDM2M2JjN2M0YzAiOnsiY3JlYXRlIjozMDAwMDAwMDAwMDAsImRlbGV0ZSI6MzAwMDAwMDAwMDAwLCJyZWFkIjozMDAwMDAwMDAwMDAsInVwZGF0ZSI6MzAwMDAwMDAwMDAwfX0=",
          "dependencies": [
            "data.archive_file.bookmark_sync_package",
            "google_project_service.gcp_services_cloudfunctions",
            "google_service_account.default_service_account",
            "google_storage_bucket.deploy_packages_bucket",
            "google_storage_bucket_object.bookmarks_sync_package_object"
          ]
        }
      ]
    },
    {
      "mode": "managed",
      "type": "google_cloudfunctions_function_iam_member",
      "name": "scheduler_function_iam_member",
      "provider": "provider[\"registry.terraform.io/hashicorp/google\"]",
      "instances": [
        {
          "schema_version": 0,
          "attributes": {
            "cloud_function": "projects/bullfrog-reader/locations/us-central1/functions/bookmarks-sync",
            "condition": [],
            "etag": "BwWysIoeBSI=",
            "id": "projects/bullfrog-reader/locations/us-central1/functions/bookmarks-sync/roles/cloudfunctions.invoker/serviceaccount:default-service-account@bullfrog-reader.iam.gserviceaccount.com",
            "member": "serviceAccount:default-service-account@bullfrog-reader.iam.gserviceaccount.com",
            "project": "bullfrog-reader",
            "region": "us-central1",
            "role": "roles/cloudfunctions.invoker"
          },
          "private": "bnVsbA==",
          "dependencies": [
            "google_cloudfunctions_function.bookmarks_sync_function",
            "google_project_service.gcp_services_cloudfunctions",
            "google_service_account.default_service_account",
            "google_storage_bucket.deploy_packages_bucket",
            "google_storage_bucket_object.bookmarks_sync_package_object"
          ]
        }
      ]
    },
    {
      "mode": "managed",
      "type": "google_project_iam_member",
      "name": "dsa_datastore_owner",
      "provider": "provider[\"registry.terraform.io/hashicorp/google\"]",
      "instances": [
        {
          "schema_version": 0,
          "attributes": {
            "condition": [],
            "etag": "BwWysRUzC2c=",
            "id": "bullfrog-reader/roles/datastore.owner/serviceaccount:default-service-account@bullfrog-reader.iam.gserviceaccount.com",
            "member": "serviceAccount:default-service-account@bullfrog-reader.iam.gserviceaccount.com",
            "project": "bullfrog-reader",
            "role": "roles/datastore.owner"
          },
          "private": "bnVsbA==",
          "dependencies": [
            "google_service_account.default_service_account"
          ]
        }
      ]
    },
    {
      "mode": "managed",
      "type": "google_project_service",
      "name": "gcp_services_cloudbuild",
      "provider": "provider[\"registry.terraform.io/hashicorp/google\"]",
      "instances": [
        {
          "schema_version": 0,
          "attributes": {
            "disable_dependent_services": null,
            "disable_on_destroy": true,
            "id": "bullfrog-reader/cloudbuild.googleapis.com",
            "project": "bullfrog-reader",
            "service": "cloudbuild.googleapis.com",
            "timeouts": null
          },
          "private": "eyJlMmJmYjczMC1lY2FhLTExZTYtOGY4OC0zNDM2M2JjN2M0YzAiOnsiY3JlYXRlIjoxMjAwMDAwMDAwMDAwLCJkZWxldGUiOjEyMDAwMDAwMDAwMDAsInJlYWQiOjYwMDAwMDAwMDAwMCwidXBkYXRlIjoxMjAwMDAwMDAwMDAwfX0="
        }
      ]
    },
    {
      "mode": "managed",
      "type": "google_project_service",
      "name": "gcp_services_cloudfunctions",
      "provider": "provider[\"registry.terraform.io/hashicorp/google\"]",
      "instances": [
        {
          "schema_version": 0,
          "attributes": {
            "disable_dependent_services": null,
            "disable_on_destroy": true,
            "id": "bullfrog-reader/cloudfunctions.googleapis.com",
            "project": "bullfrog-reader",
            "service": "cloudfunctions.googleapis.com",
            "timeouts": null
          },
          "private": "eyJlMmJmYjczMC1lY2FhLTExZTYtOGY4OC0zNDM2M2JjN2M0YzAiOnsiY3JlYXRlIjoxMjAwMDAwMDAwMDAwLCJkZWxldGUiOjEyMDAwMDAwMDAwMDAsInJlYWQiOjYwMDAwMDAwMDAwMCwidXBkYXRlIjoxMjAwMDAwMDAwMDAwfX0="
        }
      ]
    },
    {
      "mode": "managed",
      "type": "google_project_service",
      "name": "gcp_services_cloudscheduler",
      "provider": "provider[\"registry.terraform.io/hashicorp/google\"]",
      "instances": [
        {
          "schema_version": 0,
          "attributes": {
            "disable_dependent_services": null,
            "disable_on_destroy": true,
            "id": "bullfrog-reader/cloudscheduler.googleapis.com",
            "project": "bullfrog-reader",
            "service": "cloudscheduler.googleapis.com",
            "timeouts": null
          },
          "private": "eyJlMmJmYjczMC1lY2FhLTExZTYtOGY4OC0zNDM2M2JjN2M0YzAiOnsiY3JlYXRlIjoxMjAwMDAwMDAwMDAwLCJkZWxldGUiOjEyMDAwMDAwMDAwMDAsInJlYWQiOjYwMDAwMDAwMDAwMCwidXBkYXRlIjoxMjAwMDAwMDAwMDAwfX0="
        }
      ]
    },
    {
      "mode": "managed",
      "type": "google_service_account",
      "name": "default_service_account",
      "provider": "provider[\"registry.terraform.io/hashicorp/google\"]",
      "instances": [
        {
          "schema_version": 0,
          "attributes": {
            "account_id": "default-service-account",
            "description": "",
            "display_name": "Default Service Account",
            "email": "default-service-account@bullfrog-reader.iam.gserviceaccount.com",
            "id": "projects/bullfrog-reader/serviceAccounts/default-service-account@bullfrog-reader.iam.gserviceaccount.com",
            "name": "projects/bullfrog-reader/serviceAccounts/default-service-account@bullfrog-reader.iam.gserviceaccount.com",
            "project": "bullfrog-reader",
            "timeouts": null,
            "unique_id": "100419966183025953167"
          },
          "private": "eyJlMmJmYjczMC1lY2FhLTExZTYtOGY4OC0zNDM2M2JjN2M0YzAiOnsiY3JlYXRlIjozMDAwMDAwMDAwMDB9fQ=="
        }
      ]
    },
    {
      "mode": "managed",
      "type": "google_storage_bucket",
      "name": "deploy_packages_bucket",
      "provider": "provider[\"registry.terraform.io/hashicorp/google\"]",
      "instances": [
        {
          "schema_version": 0,
          "attributes": {
            "bucket_policy_only": false,
            "cors": [],
            "default_event_based_hold": false,
            "encryption": [],
            "force_destroy": false,
            "id": "deploy_packages",
            "labels": {},
            "lifecycle_rule": [],
            "location": "US",
            "logging": [],
            "name": "deploy_packages",
            "project": "bullfrog-reader",
            "requester_pays": false,
            "retention_policy": [],
            "self_link": "https://www.googleapis.com/storage/v1/b/deploy_packages",
            "storage_class": "STANDARD",
            "uniform_bucket_level_access": false,
            "url": "gs://deploy_packages",
            "versioning": [],
            "website": []
          },
          "private": "bnVsbA=="
        }
      ]
    },
    {
      "mode": "managed",
      "type": "google_storage_bucket_object",
      "name": "bookmarks_sync_package_object",
      "provider": "provider[\"registry.terraform.io/hashicorp/google\"]",
      "instances": [
        {
          "schema_version": 0,
          "attributes": {
            "bucket": "deploy_packages",
            "cache_control": "",
            "content": null,
            "content_disposition": "",
            "content_encoding": "",
            "content_language": "",
            "content_type": "application/zip",
            "crc32c": "U4TnXw==",
            "detect_md5hash": "xpn/iBFKrSw30xMD/y/qIQ==",
            "id": "deploy_packages-bookmarks-sync-package-c699ff88114aad2c37d31303ff2fea21.zip",
            "md5hash": "xpn/iBFKrSw30xMD/y/qIQ==",
            "media_link": "https://storage.googleapis.com/download/storage/v1/b/deploy_packages/o/bookmarks-sync-package-c699ff88114aad2c37d31303ff2fea21.zip?generation=1604094574441176\u0026alt=media",
            "metadata": null,
            "name": "bookmarks-sync-package-c699ff88114aad2c37d31303ff2fea21.zip",
            "output_name": "bookmarks-sync-package-c699ff88114aad2c37d31303ff2fea21.zip",
            "self_link": "https://www.googleapis.com/storage/v1/b/deploy_packages/o/bookmarks-sync-package-c699ff88114aad2c37d31303ff2fea21.zip",
            "source": "./../dist/bookmarks-sync-package.zip",
            "storage_class": "STANDARD"
          },
          "private": "bnVsbA==",
          "dependencies": [
            "data.archive_file.bookmark_sync_package",
            "google_storage_bucket.deploy_packages_bucket"
          ]
        }
      ]
    }
  ]
}
